
Microsoft Visual Studio Solution File, Format Version 12.00
# Visual Studio Version 16
VisualStudioVersion = 16.0.32428.217
MinimumVisualStudioVersion = 10.0.40219.1
Project("{9A19103F-16F7-4668-BE54-9A1E7A4F7556}") = "HotelAPI", "HotelAPI.csproj", "{1C9581EA-C9B6-46F3-92FB-C3225F2390CD}"
EndProject
Project("{9A19103F-16F7-4668-BE54-9A1E7A4F7556}") = "Entities", "..\Entities\Entities.csproj", "{6FDF4C69-BA05-4A37-935F-5E70F07CAA73}"
EndProject
Project("{9A19103F-16F7-4668-BE54-9A1E7A4F7556}") = "Service", "..\Service\Service.csproj", "{B6EDE2E8-C49E-4F50-BA63-590354D0819D}"
EndProject
Project("{FAE04EC0-301F-11D3-BF4B-00C04F79EFBC}") = "UnitTest", "..\UnitTest\UnitTest.csproj", "{686718D0-D901-4911-A277-A596BA71AFD1}"
EndProject
Global
	GlobalSection(SolutionConfigurationPlatforms) = preSolution
		Debug|Any CPU = Debug|Any CPU
		Release|Any CPU = Release|Any CPU
	EndGlobalSection
	GlobalSection(ProjectConfigurationPlatforms) = postSolution
		{1C9581EA-C9B6-46F3-92FB-C3225F2390CD}.Debug|Any CPU.ActiveCfg = Debug|Any CPU
		{1C9581EA-C9B6-46F3-92FB-C3225F2390CD}.Debug|Any CPU.Build.0 = Debug|Any CPU
		{1C9581EA-C9B6-46F3-92FB-C3225F2390CD}.Release|Any CPU.ActiveCfg = Release|Any CPU
		{1C9581EA-C9B6-46F3-92FB-C3225F2390CD}.Release|Any CPU.Build.0 = Release|Any CPU
		{6FDF4C69-BA05-4A37-935F-5E70F07CAA73}.Debug|Any CPU.ActiveCfg = Debug|Any CPU
		{6FDF4C69-BA05-4A37-935F-5E70F07CAA73}.Debug|Any CPU.Build.0 = Debug|Any CPU
		{6FDF4C69-BA05-4A37-935F-5E70F07CAA73}.Release|Any CPU.ActiveCfg = Release|Any CPU
		{6FDF4C69-BA05-4A37-935F-5E70F07CAA73}.Release|Any CPU.Build.0 = Release|Any CPU
		{B6EDE2E8-C49E-4F50-BA63-590354D0819D}.Debug|Any CPU.ActiveCfg = Debug|Any CPU
		{B6EDE2E8-C49E-4F50-BA63-590354D0819D}.Debug|Any CPU.Build.0 = Debug|Any CPU
		{B6EDE2E8-C49E-4F50-BA63-590354D0819D}.Release|Any CPU.ActiveCfg = Release|Any CPU
		{B6EDE2E8-C49E-4F50-BA63-590354D0819D}.Release|Any CPU.Build.0 = Release|Any CPU
		{686718D0-D901-4911-A277-A596BA71AFD1}.Debug|Any CPU.ActiveCfg = Debug|Any CPU
		{686718D0-D901-4911-A277-A596BA71AFD1}.Debug|Any CPU.Build.0 = Debug|Any CPU
		{686718D0-D901-4911-A277-A596BA71AFD1}.Release|Any CPU.ActiveCfg = Release|Any CPU
		{686718D0-D901-4911-A277-A596BA71AFD1}.Release|Any CPU.Build.0 = Release|Any CPU
	EndGlobalSection
	GlobalSection(SolutionProperties) = preSolution
		HideSolutionNode = FALSE
	EndGlobalSection
	GlobalSection(ExtensibilityGlobals) = postSolution
		SolutionGuid = {BD3729D7-2128-4440-89A7-C89057B6069F}
	EndGlobalSection
EndGlobal
